
Microsoft Visual Studio Solution File, Format Version 12.00
# Visual Studio Version 17
VisualStudioVersion = 17.9.34902.65
MinimumVisualStudioVersion = 10.0.40219.1
Project("{FAE04EC0-301F-11D3-BF4B-00C04F79EFBC}") = "GestionDeTareas", "GestionDeTareas\GestionDeTareas.csproj", "{FD42AFF6-2DB5-4D08-9A3A-A13854FF4ACF}"
EndProject
Global
	GlobalSection(SolutionConfigurationPlatforms) = preSolution
		Debug|Any CPU = Debug|Any CPU
		Release|Any CPU = Release|Any CPU
	EndGlobalSection
	GlobalSection(ProjectConfigurationPlatforms) = postSolution
		{FD42AFF6-2DB5-4D08-9A3A-A13854FF4ACF}.Debug|Any CPU.ActiveCfg = Debug|Any CPU
		{FD42AFF6-2DB5-4D08-9A3A-A13854FF4ACF}.Debug|Any CPU.Build.0 = Debug|Any CPU
		{FD42AFF6-2DB5-4D08-9A3A-A13854FF4ACF}.Release|Any CPU.ActiveCfg = Release|Any CPU
		{FD42AFF6-2DB5-4D08-9A3A-A13854FF4ACF}.Release|Any CPU.Build.0 = Release|Any CPU
	EndGlobalSection
	GlobalSection(SolutionProperties) = preSolution
		HideSolutionNode = FALSE
	EndGlobalSection
	GlobalSection(ExtensibilityGlobals) = postSolution
		SolutionGuid = {33334A8A-FFE6-4A53-8184-95CFD48AEDA7}
	EndGlobalSection
EndGlobal
